// !$*UTF8*$!
{
	archiveVersion = 1;
	classes = {
	};
	objectVersion = 46;
	objects = {

/* Begin PBXBuildFile section */
		520373AB1EB9C9040040E00A /* main.swift in Sources */ = {isa = PBXBuildFile; fileRef = 520373AA1EB9C9040040E00A /* main.swift */; };
		520373B31EB9CA410040E00A /* libgmp.10.dylib in Frameworks */ = {isa = PBXBuildFile; fileRef = 520373B21EB9CA410040E00A /* libgmp.10.dylib */; };
		52435B611EBC5A8800FDE9AB /* BigInt.swift in Sources */ = {isa = PBXBuildFile; fileRef = 52435B601EBC5A8800FDE9AB /* BigInt.swift */; };
/* End PBXBuildFile section */

/* Begin PBXCopyFilesBuildPhase section */
		520373A51EB9C9040040E00A /* CopyFiles */ = {
			isa = PBXCopyFilesBuildPhase;
			buildActionMask = 2147483647;
			dstPath = /usr/share/man/man1/;
			dstSubfolderSpec = 0;
			files = (
			);
			runOnlyForDeploymentPostprocessing = 1;
		};
/* End PBXCopyFilesBuildPhase section */

/* Begin PBXFileReference section */
		520373A71EB9C9040040E00A /* GmpTest */ = {isa = PBXFileReference; explicitFileType = "compiled.mach-o.executable"; includeInIndex = 0; path = GmpTest; sourceTree = BUILT_PRODUCTS_DIR; };
		520373AA1EB9C9040040E00A /* main.swift */ = {isa = PBXFileReference; lastKnownFileType = sourcecode.swift; path = main.swift; sourceTree = "<group>"; };
		520373B21EB9CA410040E00A /* libgmp.10.dylib */ = {isa = PBXFileReference; lastKnownFileType = "compiled.mach-o.dylib"; name = libgmp.10.dylib; path = ../../../../../../usr/local/Cellar/gmp/6.1.2/lib/libgmp.10.dylib; sourceTree = "<group>"; };
		52435B601EBC5A8800FDE9AB /* BigInt.swift */ = {isa = PBXFileReference; fileEncoding = 4; lastKnownFileType = sourcecode.swift; path = BigInt.swift; sourceTree = "<group>"; };
		525DFAFE1EB9CF23003489DB /* gmp */ = {isa = PBXFileReference; lastKnownFileType = folder; path = gmp; sourceTree = "<group>"; };
/* End PBXFileReference section */

/* Begin PBXFrameworksBuildPhase section */
		520373A41EB9C9040040E00A /* Frameworks */ = {
			isa = PBXFrameworksBuildPhase;
			buildActionMask = 2147483647;
			files = (
				520373B31EB9CA410040E00A /* libgmp.10.dylib in Frameworks */,
			);
			runOnlyForDeploymentPostprocessing = 0;
		};
/* End PBXFrameworksBuildPhase section */

/* Begin PBXGroup section */
		5203739E1EB9C9040040E00A = {
			isa = PBXGroup;
			children = (
				525DFAFE1EB9CF23003489DB /* gmp */,
				520373A91EB9C9040040E00A /* GmpTest */,
				520373A81EB9C9040040E00A /* Products */,
				520373B11EB9CA410040E00A /* Frameworks */,
			);
			sourceTree = "<group>";
		};
		520373A81EB9C9040040E00A /* Products */ = {
			isa = PBXGroup;
			children = (
				520373A71EB9C9040040E00A /* GmpTest */,
			);
			name = Products;
			sourceTree = "<group>";
		};
		520373A91EB9C9040040E00A /* GmpTest */ = {
			isa = PBXGroup;
			children = (
				520373AA1EB9C9040040E00A /* main.swift */,
				52435B601EBC5A8800FDE9AB /* BigInt.swift */,
			);
			path = GmpTest;
			sourceTree = "<group>";
		};
		520373B11EB9CA410040E00A /* Frameworks */ = {
			isa = PBXGroup;
			children = (
				520373B21EB9CA410040E00A /* libgmp.10.dylib */,
			);
			name = Frameworks;
			sourceTree = "<group>";
		};
/* End PBXGroup section */

/* Begin PBXNativeTarget section */
		520373A61EB9C9040040E00A /* GmpTest */ = {
			isa = PBXNativeTarget;
			buildConfigurationList = 520373AE1EB9C9040040E00A /* Build configuration list for PBXNativeTarget "GmpTest" */;
			buildPhases = (
				520373A31EB9C9040040E00A /* Sources */,
				520373A41EB9C9040040E00A /* Frameworks */,
				520373A51EB9C9040040E00A /* CopyFiles */,
			);
			buildRules = (
			);
			dependencies = (
			);
			name = GmpTest;
			productName = GmpTest;
			productReference = 520373A71EB9C9040040E00A /* GmpTest */;
			productType = "com.apple.product-type.tool";
		};
/* End PBXNativeTarget section */

/* Begin PBXProject section */
		5203739F1EB9C9040040E00A /* Project object */ = {
			isa = PBXProject;
			attributes = {
				LastSwiftUpdateCheck = 0830;
				LastUpgradeCheck = 0830;
				ORGANIZATIONNAME = "Louis Melahn";
				TargetAttributes = {
					520373A61EB9C9040040E00A = {
						CreatedOnToolsVersion = 8.3.2;
						ProvisioningStyle = Automatic;
					};
				};
			};
			buildConfigurationList = 520373A21EB9C9040040E00A /* Build configuration list for PBXProject "GmpTest" */;
			compatibilityVersion = "Xcode 3.2";
			developmentRegion = English;
			hasScannedForEncodings = 0;
			knownRegions = (
				en,
			);
			mainGroup = 5203739E1EB9C9040040E00A;
			productRefGroup = 520373A81EB9C9040040E00A /* Products */;
			projectDirPath = "";
			projectRoot = "";
			targets = (
				520373A61EB9C9040040E00A /* GmpTest */,
			);
		};
/* End PBXProject section */

/* Begin PBXSourcesBuildPhase section */
		520373A31EB9C9040040E00A /* Sources */ = {
			isa = PBXSourcesBuildPhase;
			buildActionMask = 2147483647;
			files = (
				52435B611EBC5A8800FDE9AB /* BigInt.swift in Sources */,
				520373AB1EB9C9040040E00A /* main.swift in Sources */,
			);
			runOnlyForDeploymentPostprocessing = 0;
		};
/* End PBXSourcesBuildPhase section */

/* Begin XCBuildConfiguration section */
		520373AC1EB9C9040040E00A /* Debug */ = {
			isa = XCBuildConfiguration;
			buildSettings = {
				ALWAYS_SEARCH_USER_PATHS = NO;
				CLANG_ANALYZER_NONNULL = YES;
				CLANG_ANALYZER_NUMBER_OBJECT_CONVERSION = YES_AGGRESSIVE;
				CLANG_CXX_LANGUAGE_STANDARD = "gnu++0x";
				CLANG_CXX_LIBRARY = "libc++";
				CLANG_ENABLE_MODULES = YES;
				CLANG_ENABLE_OBJC_ARC = YES;
				CLANG_WARN_BOOL_CONVERSION = YES;
				CLANG_WARN_CONSTANT_CONVERSION = YES;
				CLANG_WARN_DIRECT_OBJC_ISA_USAGE = YES_ERROR;
				CLANG_WARN_DOCUMENTATION_COMMENTS = YES;
				CLANG_WARN_EMPTY_BODY = YES;
				CLANG_WARN_ENUM_CONVERSION = YES;
				CLANG_WARN_INFINITE_RECURSION = YES;
				CLANG_WARN_INT_CONVERSION = YES;
				CLANG_WARN_OBJC_ROOT_CLASS = YES_ERROR;
				CLANG_WARN_SUSPICIOUS_MOVE = YES;
				CLANG_WARN_UNREACHABLE_CODE = YES;
				CLANG_WARN__DUPLICATE_METHOD_MATCH = YES;
				CODE_SIGN_IDENTITY = "-";
				COPY_PHASE_STRIP = NO;
				DEBUG_INFORMATION_FORMAT = dwarf;
				ENABLE_STRICT_OBJC_MSGSEND = YES;
				ENABLE_TESTABILITY = YES;
				GCC_C_LANGUAGE_STANDARD = gnu99;
				GCC_DYNAMIC_NO_PIC = NO;
				GCC_NO_COMMON_BLOCKS = YES;
				GCC_OPTIMIZATION_LEVEL = 0;
				GCC_PREPROCESSOR_DEFINITIONS = (
					"DEBUG=1",
					"$(inherited)",
				);
				GCC_WARN_64_TO_32_BIT_CONVERSION = YES;
				GCC_WARN_ABOUT_RETURN_TYPE = YES_ERROR;
				GCC_WARN_UNDECLARED_SELECTOR = YES;
				GCC_WARN_UNINITIALIZED_AUTOS = YES_AGGRESSIVE;
				GCC_WARN_UNUSED_FUNCTION = YES;
				GCC_WARN_UNUSED_VARIABLE = YES;
				MACOSX_DEPLOYMENT_TARGET = 10.12;
				MTL_ENABLE_DEBUG_INFO = YES;
				ONLY_ACTIVE_ARCH = YES;
				SDKROOT = macosx;
				SWIFT_OPTIMIZATION_LEVEL = "-Onone";
			};
			name = Debug;
		};
		520373AD1EB9C9040040E00A /* Release */ = {
			isa = XCBuildConfiguration;
			buildSettings = {
				ALWAYS_SEARCH_USER_PATHS = NO;
				CLANG_ANALYZER_NONNULL = YES;
				CLANG_ANALYZER_NUMBER_OBJECT_CONVERSION = YES_AGGRESSIVE;
				CLANG_CXX_LANGUAGE_STANDARD = "gnu++0x";
				CLANG_CXX_LIBRARY = "libc++";
				CLANG_ENABLE_MODULES = YES;
				CLANG_ENABLE_OBJC_ARC = YES;
				CLANG_WARN_BOOL_CONVERSION = YES;
				CLANG_WARN_CONSTANT_CONVERSION = YES;
				CLANG_WARN_DIRECT_OBJC_ISA_USAGE = YES_ERROR;
				CLANG_WARN_DOCUMENTATION_COMMENTS = YES;
				CLANG_WARN_EMPTY_BODY = YES;
				CLANG_WARN_ENUM_CONVERSION = YES;
				CLANG_WARN_INFINITE_RECURSION = YES;
				CLANG_WARN_INT_CONVERSION = YES;
				CLANG_WARN_OBJC_ROOT_CLASS = YES_ERROR;
				CLANG_WARN_SUSPICIOUS_MOVE = YES;
				CLANG_WARN_UNREACHABLE_CODE = YES;
				CLANG_WARN__DUPLICATE_METHOD_MATCH = YES;
				CODE_SIGN_IDENTITY = "-";
				COPY_PHASE_STRIP = NO;
				DEBUG_INFORMATION_FORMAT = "dwarf-with-dsym";
				ENABLE_NS_ASSERTIONS = NO;
				ENABLE_STRICT_OBJC_MSGSEND = YES;
				GCC_C_LANGUAGE_STANDARD = gnu99;
				GCC_NO_COMMON_BLOCKS = YES;
				GCC_WARN_64_TO_32_BIT_CONVERSION = YES;
				GCC_WARN_ABOUT_RETURN_TYPE = YES_ERROR;
				GCC_WARN_UNDECLARED_SELECTOR = YES;
				GCC_WARN_UNINITIALIZED_AUTOS = YES_AGGRESSIVE;
				GCC_WARN_UNUSED_FUNCTION = YES;
				GCC_WARN_UNUSED_VARIABLE = YES;
				MACOSX_DEPLOYMENT_TARGET = 10.12;
				MTL_ENABLE_DEBUG_INFO = NO;
				SDKROOT = macosx;
			};
			name = Release;
		};
		520373AF1EB9C9040040E00A /* Debug */ = {
			isa = XCBuildConfiguration;
			buildSettings = {
				LIBRARY_SEARCH_PATHS = (
					"$(inherited)",
					/usr/local/Cellar/gmp/6.1.2/lib,
				);
				PRODUCT_NAME = "$(TARGET_NAME)";
				SWIFT_INCLUDE_PATHS = "${SRCROOT}/gmp";
				SWIFT_VERSION = 3.0;
			};
			name = Debug;
		};
		520373B01EB9C9040040E00A /* Release */ = {
			isa = XCBuildConfiguration;
			buildSettings = {
				LIBRARY_SEARCH_PATHS = (
					"$(inherited)",
					/usr/local/Cellar/gmp/6.1.2/lib,
				);
				PRODUCT_NAME = "$(TARGET_NAME)";
				SWIFT_INCLUDE_PATHS = "${SRCROOT}/gmp";
				SWIFT_VERSION = 3.0;
			};
			name = Release;
		};
/* End XCBuildConfiguration section */

/* Begin XCConfigurationList section */
		520373A21EB9C9040040E00A /* Build configuration list for PBXProject "GmpTest" */ = {
			isa = XCConfigurationList;
			buildConfigurations = (
				520373AC1EB9C9040040E00A /* Debug */,
				520373AD1EB9C9040040E00A /* Release */,
			);
			defaultConfigurationIsVisible = 0;
			defaultConfigurationName = Release;
		};
		520373AE1EB9C9040040E00A /* Build configuration list for PBXNativeTarget "GmpTest" */ = {
			isa = XCConfigurationList;
			buildConfigurations = (
				520373AF1EB9C9040040E00A /* Debug */,
				520373B01EB9C9040040E00A /* Release */,
			);
			defaultConfigurationIsVisible = 0;
			defaultConfigurationName = Release;
		};
/* End XCConfigurationList section */
	};
	rootObject = 5203739F1EB9C9040040E00A /* Project object */;
}
